{
  "name": "codekit-project",
  "version": "1.0.0",
  "lockfileVersion": 1,
  "requires": true,
  "dependencies": {
    "zharikov-ui": {
      "version": "3.0.1",
      "resolved": "https://registry.npmjs.org/zharikov-ui/-/zharikov-ui-3.0.1.tgz",
      "integrity": "sha512-JUABpOD/kFx7Xizc3EWM46NFs4+5CRCl6yaUlbITFWQXGKFn1jqEfXBjooDeLoXBQM3MV2XDG/8DLX/9nNsvUg=="
    }
  }
}
